
Microsoft Visual Studio Solution File, Format Version 12.00
# Visual Studio 2017
Project("{FAE04EC0-301F-11D3-BF4B-00C04F79EFBC}") = "idle ripoff", "idle ripoff.csproj", "{90CDAF6E-8C80-A904-2825-5CD34C7751C1}"
EndProject
Global
	GlobalSection(SolutionConfigurationPlatforms) = preSolution
		Debug|Any CPU = Debug|Any CPU
		Release|Any CPU = Release|Any CPU
	EndGlobalSection
	GlobalSection(ProjectConfigurationPlatforms) = postSolution
		{90CDAF6E-8C80-A904-2825-5CD34C7751C1}.Debug|Any CPU.ActiveCfg = Debug|Any CPU
		{90CDAF6E-8C80-A904-2825-5CD34C7751C1}.Debug|Any CPU.Build.0 = Debug|Any CPU
		{90CDAF6E-8C80-A904-2825-5CD34C7751C1}.Release|Any CPU.ActiveCfg = Release|Any CPU
		{90CDAF6E-8C80-A904-2825-5CD34C7751C1}.Release|Any CPU.Build.0 = Release|Any CPU
	EndGlobalSection
	GlobalSection(SolutionProperties) = preSolution
		HideSolutionNode = FALSE
	EndGlobalSection
EndGlobal
